
Microsoft Visual Studio Solution File, Format Version 12.00
# Visual Studio Version 16
VisualStudioVersion = 16.0.31829.152
MinimumVisualStudioVersion = 10.0.40219.1
Project("{FAE04EC0-301F-11D3-BF4B-00C04F79EFBC}") = "Weather", "Weather\Weather.csproj", "{F63B7541-1862-44AD-A145-8D3E7A82FBF6}"
EndProject
Global
	GlobalSection(SolutionConfigurationPlatforms) = preSolution
		Debug|Any CPU = Debug|Any CPU
		Release|Any CPU = Release|Any CPU
	EndGlobalSection
	GlobalSection(ProjectConfigurationPlatforms) = postSolution
		{F63B7541-1862-44AD-A145-8D3E7A82FBF6}.Debug|Any CPU.ActiveCfg = Debug|Any CPU
		{F63B7541-1862-44AD-A145-8D3E7A82FBF6}.Debug|Any CPU.Build.0 = Debug|Any CPU
		{F63B7541-1862-44AD-A145-8D3E7A82FBF6}.Release|Any CPU.ActiveCfg = Release|Any CPU
		{F63B7541-1862-44AD-A145-8D3E7A82FBF6}.Release|Any CPU.Build.0 = Release|Any CPU
	EndGlobalSection
	GlobalSection(SolutionProperties) = preSolution
		HideSolutionNode = FALSE
	EndGlobalSection
	GlobalSection(ExtensibilityGlobals) = postSolution
		SolutionGuid = {A6A905DC-83A6-4DD6-9099-97904C91C0C3}
	EndGlobalSection
EndGlobal
